
Microsoft Visual Studio Solution File, Format Version 12.00
# Visual Studio Version 17
VisualStudioVersion = 17.3.32811.315
MinimumVisualStudioVersion = 10.0.40219.1
Project("{9A19103F-16F7-4668-BE54-9A1E7A4F7556}") = "M3_E1", "M3_E1\M3_E1.csproj", "{A7878FF4-C8A5-4CBB-85F6-4F1167D0461A}"
EndProject
Project("{9A19103F-16F7-4668-BE54-9A1E7A4F7556}") = "M3_E2", "M3_E2\M3_E2.csproj", "{A85EE0C9-DA5C-43D3-807D-0E22B10C814C}"
EndProject
Project("{9A19103F-16F7-4668-BE54-9A1E7A4F7556}") = "M3_E3", "M3_E3\M3_E3.csproj", "{C7A538C5-C5CC-45BD-A0C4-0EB6052C5A67}"
EndProject
Project("{9A19103F-16F7-4668-BE54-9A1E7A4F7556}") = "M3_Exemple2", "M3_Exemple2\M3_Exemple2.csproj", "{C171765C-CCDA-4E5E-9161-0714284044AE}"
EndProject
Project("{9A19103F-16F7-4668-BE54-9A1E7A4F7556}") = "M3_Exemple1", "M3_Exemple1\M3_Exemple1.csproj", "{355CEE50-45A9-45F8-9DE7-C1EBB0E9E3C4}"
EndProject
Project("{9A19103F-16F7-4668-BE54-9A1E7A4F7556}") = "M3_Exemple3", "M3_Exemple3\M3_Exemple3.csproj", "{09895F22-BA56-4745-8D9F-82CD58489C65}"
EndProject
Project("{FAE04EC0-301F-11D3-BF4B-00C04F79EFBC}") = "M3_Exemple4", "M3_Exemple4\M3_Exemple4.csproj", "{2DAF7DA0-D0BD-4375-8C82-BB5FFD60D79F}"
EndProject
Project("{FAE04EC0-301F-11D3-BF4B-00C04F79EFBC}") = "M3_E4", "M3_E4\M3_E4.csproj", "{5E271E3E-6143-476A-8E2A-0DA964388D2F}"
EndProject
Project("{FAE04EC0-301F-11D3-BF4B-00C04F79EFBC}") = "M3_E5", "M3_E5\M3_E5.csproj", "{2DFB6547-D504-483D-8306-E0FD16478252}"
EndProject
Project("{FAE04EC0-301F-11D3-BF4B-00C04F79EFBC}") = "M3_Fibonacci", "M3_Fibonacci\M3_Fibonacci.csproj", "{FBB4F448-A815-41F8-81B5-63C10F6FC177}"
EndProject
Global
	GlobalSection(SolutionConfigurationPlatforms) = preSolution
		Debug|Any CPU = Debug|Any CPU
		Release|Any CPU = Release|Any CPU
	EndGlobalSection
	GlobalSection(ProjectConfigurationPlatforms) = postSolution
		{A7878FF4-C8A5-4CBB-85F6-4F1167D0461A}.Debug|Any CPU.ActiveCfg = Debug|Any CPU
		{A7878FF4-C8A5-4CBB-85F6-4F1167D0461A}.Debug|Any CPU.Build.0 = Debug|Any CPU
		{A7878FF4-C8A5-4CBB-85F6-4F1167D0461A}.Release|Any CPU.ActiveCfg = Release|Any CPU
		{A7878FF4-C8A5-4CBB-85F6-4F1167D0461A}.Release|Any CPU.Build.0 = Release|Any CPU
		{A85EE0C9-DA5C-43D3-807D-0E22B10C814C}.Debug|Any CPU.ActiveCfg = Debug|Any CPU
		{A85EE0C9-DA5C-43D3-807D-0E22B10C814C}.Debug|Any CPU.Build.0 = Debug|Any CPU
		{A85EE0C9-DA5C-43D3-807D-0E22B10C814C}.Release|Any CPU.ActiveCfg = Release|Any CPU
		{A85EE0C9-DA5C-43D3-807D-0E22B10C814C}.Release|Any CPU.Build.0 = Release|Any CPU
		{C7A538C5-C5CC-45BD-A0C4-0EB6052C5A67}.Debug|Any CPU.ActiveCfg = Debug|Any CPU
		{C7A538C5-C5CC-45BD-A0C4-0EB6052C5A67}.Debug|Any CPU.Build.0 = Debug|Any CPU
		{C7A538C5-C5CC-45BD-A0C4-0EB6052C5A67}.Release|Any CPU.ActiveCfg = Release|Any CPU
		{C7A538C5-C5CC-45BD-A0C4-0EB6052C5A67}.Release|Any CPU.Build.0 = Release|Any CPU
		{C171765C-CCDA-4E5E-9161-0714284044AE}.Debug|Any CPU.ActiveCfg = Debug|Any CPU
		{C171765C-CCDA-4E5E-9161-0714284044AE}.Debug|Any CPU.Build.0 = Debug|Any CPU
		{C171765C-CCDA-4E5E-9161-0714284044AE}.Release|Any CPU.ActiveCfg = Release|Any CPU
		{C171765C-CCDA-4E5E-9161-0714284044AE}.Release|Any CPU.Build.0 = Release|Any CPU
		{355CEE50-45A9-45F8-9DE7-C1EBB0E9E3C4}.Debug|Any CPU.ActiveCfg = Debug|Any CPU
		{355CEE50-45A9-45F8-9DE7-C1EBB0E9E3C4}.Debug|Any CPU.Build.0 = Debug|Any CPU
		{355CEE50-45A9-45F8-9DE7-C1EBB0E9E3C4}.Release|Any CPU.ActiveCfg = Release|Any CPU
		{355CEE50-45A9-45F8-9DE7-C1EBB0E9E3C4}.Release|Any CPU.Build.0 = Release|Any CPU
		{09895F22-BA56-4745-8D9F-82CD58489C65}.Debug|Any CPU.ActiveCfg = Debug|Any CPU
		{09895F22-BA56-4745-8D9F-82CD58489C65}.Debug|Any CPU.Build.0 = Debug|Any CPU
		{09895F22-BA56-4745-8D9F-82CD58489C65}.Release|Any CPU.ActiveCfg = Release|Any CPU
		{09895F22-BA56-4745-8D9F-82CD58489C65}.Release|Any CPU.Build.0 = Release|Any CPU
		{2DAF7DA0-D0BD-4375-8C82-BB5FFD60D79F}.Debug|Any CPU.ActiveCfg = Debug|Any CPU
		{2DAF7DA0-D0BD-4375-8C82-BB5FFD60D79F}.Debug|Any CPU.Build.0 = Debug|Any CPU
		{2DAF7DA0-D0BD-4375-8C82-BB5FFD60D79F}.Release|Any CPU.ActiveCfg = Release|Any CPU
		{2DAF7DA0-D0BD-4375-8C82-BB5FFD60D79F}.Release|Any CPU.Build.0 = Release|Any CPU
		{5E271E3E-6143-476A-8E2A-0DA964388D2F}.Debug|Any CPU.ActiveCfg = Debug|Any CPU
		{5E271E3E-6143-476A-8E2A-0DA964388D2F}.Debug|Any CPU.Build.0 = Debug|Any CPU
		{5E271E3E-6143-476A-8E2A-0DA964388D2F}.Release|Any CPU.ActiveCfg = Release|Any CPU
		{5E271E3E-6143-476A-8E2A-0DA964388D2F}.Release|Any CPU.Build.0 = Release|Any CPU
		{2DFB6547-D504-483D-8306-E0FD16478252}.Debug|Any CPU.ActiveCfg = Debug|Any CPU
		{2DFB6547-D504-483D-8306-E0FD16478252}.Debug|Any CPU.Build.0 = Debug|Any CPU
		{2DFB6547-D504-483D-8306-E0FD16478252}.Release|Any CPU.ActiveCfg = Release|Any CPU
		{2DFB6547-D504-483D-8306-E0FD16478252}.Release|Any CPU.Build.0 = Release|Any CPU
		{FBB4F448-A815-41F8-81B5-63C10F6FC177}.Debug|Any CPU.ActiveCfg = Debug|Any CPU
		{FBB4F448-A815-41F8-81B5-63C10F6FC177}.Debug|Any CPU.Build.0 = Debug|Any CPU
		{FBB4F448-A815-41F8-81B5-63C10F6FC177}.Release|Any CPU.ActiveCfg = Release|Any CPU
		{FBB4F448-A815-41F8-81B5-63C10F6FC177}.Release|Any CPU.Build.0 = Release|Any CPU
	EndGlobalSection
	GlobalSection(SolutionProperties) = preSolution
		HideSolutionNode = FALSE
	EndGlobalSection
	GlobalSection(ExtensibilityGlobals) = postSolution
		SolutionGuid = {CD730135-2EAA-4318-B6CA-279235F9EF0F}
	EndGlobalSection
EndGlobal
