
Microsoft Visual Studio Solution File, Format Version 12.00
# Visual Studio Version 16
VisualStudioVersion = 16.0.31911.196
MinimumVisualStudioVersion = 10.0.40219.1
Project("{9A19103F-16F7-4668-BE54-9A1E7A4F7556}") = "DepartExercice", "DepartExercice\DepartExercice.csproj", "{D3F0D04A-7211-47CC-A136-87906D336164}"
EndProject
Project("{FAE04EC0-301F-11D3-BF4B-00C04F79EFBC}") = "TestContacts", "TestContacts\TestContacts.csproj", "{48EB73A8-52EE-46D8-80BC-904DC8D2EAFE}"
EndProject
Global
	GlobalSection(SolutionConfigurationPlatforms) = preSolution
		Debug|Any CPU = Debug|Any CPU
		Release|Any CPU = Release|Any CPU
	EndGlobalSection
	GlobalSection(ProjectConfigurationPlatforms) = postSolution
		{D3F0D04A-7211-47CC-A136-87906D336164}.Debug|Any CPU.ActiveCfg = Debug|Any CPU
		{D3F0D04A-7211-47CC-A136-87906D336164}.Debug|Any CPU.Build.0 = Debug|Any CPU
		{D3F0D04A-7211-47CC-A136-87906D336164}.Release|Any CPU.ActiveCfg = Release|Any CPU
		{D3F0D04A-7211-47CC-A136-87906D336164}.Release|Any CPU.Build.0 = Release|Any CPU
		{48EB73A8-52EE-46D8-80BC-904DC8D2EAFE}.Debug|Any CPU.ActiveCfg = Debug|Any CPU
		{48EB73A8-52EE-46D8-80BC-904DC8D2EAFE}.Debug|Any CPU.Build.0 = Debug|Any CPU
		{48EB73A8-52EE-46D8-80BC-904DC8D2EAFE}.Release|Any CPU.ActiveCfg = Release|Any CPU
		{48EB73A8-52EE-46D8-80BC-904DC8D2EAFE}.Release|Any CPU.Build.0 = Release|Any CPU
	EndGlobalSection
	GlobalSection(SolutionProperties) = preSolution
		HideSolutionNode = FALSE
	EndGlobalSection
	GlobalSection(ExtensibilityGlobals) = postSolution
		SolutionGuid = {36AA5DCC-CE8B-4C99-836D-A0C9CBCB29D5}
	EndGlobalSection
EndGlobal
