
Microsoft Visual Studio Solution File, Format Version 12.00
# Visual Studio Version 16
VisualStudioVersion = 16.0.31410.357
MinimumVisualStudioVersion = 10.0.40219.1
Project("{9A19103F-16F7-4668-BE54-9A1E7A4F7556}") = "Exercice4", "Exercice4.csproj", "{8894B7B9-7E12-440D-8134-76014BBB7797}"
EndProject
Global
	GlobalSection(SolutionConfigurationPlatforms) = preSolution
		Debug|Any CPU = Debug|Any CPU
		Release|Any CPU = Release|Any CPU
	EndGlobalSection
	GlobalSection(ProjectConfigurationPlatforms) = postSolution
		{8894B7B9-7E12-440D-8134-76014BBB7797}.Debug|Any CPU.ActiveCfg = Debug|Any CPU
		{8894B7B9-7E12-440D-8134-76014BBB7797}.Debug|Any CPU.Build.0 = Debug|Any CPU
		{8894B7B9-7E12-440D-8134-76014BBB7797}.Release|Any CPU.ActiveCfg = Release|Any CPU
		{8894B7B9-7E12-440D-8134-76014BBB7797}.Release|Any CPU.Build.0 = Release|Any CPU
	EndGlobalSection
	GlobalSection(SolutionProperties) = preSolution
		HideSolutionNode = FALSE
	EndGlobalSection
	GlobalSection(ExtensibilityGlobals) = postSolution
		SolutionGuid = {3A78D68D-2F89-4C43-BBC8-300DB4A03BEE}
	EndGlobalSection
EndGlobal
