
Microsoft Visual Studio Solution File, Format Version 12.00
# Visual Studio Version 17
VisualStudioVersion = 17.3.32811.315
MinimumVisualStudioVersion = 10.0.40219.1
Project("{FAE04EC0-301F-11D3-BF4B-00C04F79EFBC}") = "M2_ClassesAffaire", "M2_ClassesAffaire\M2_ClassesAffaire.csproj", "{7F3979E3-C447-437D-8B48-F5CC40D7BFFE}"
EndProject
Project("{9A19103F-16F7-4668-BE54-9A1E7A4F7556}") = "M2_E1", "M2_E1\M2_E1.csproj", "{9E32263E-8766-4988-B913-F5F33D1D72C0}"
EndProject
Project("{9A19103F-16F7-4668-BE54-9A1E7A4F7556}") = "M2_E2", "M2_E2\M2_E2.csproj", "{AFE8BA39-C320-4376-A616-BF2871FDB8B2}"
EndProject
Project("{FAE04EC0-301F-11D3-BF4B-00C04F79EFBC}") = "M2_E3", "M2_E3\M2_E3.csproj", "{94187B8E-9674-41DF-A357-56B690901FDD}"
EndProject
Project("{9A19103F-16F7-4668-BE54-9A1E7A4F7556}") = "M2_E4", "M2_E4\M2_E4.csproj", "{5E8C9F05-ADB8-4AD8-883A-42BE6F0DBCF4}"
EndProject
Project("{9A19103F-16F7-4668-BE54-9A1E7A4F7556}") = "M2_E5", "M2_E5\M2_E5.csproj", "{A6834376-2DBC-4675-B7B8-041428D5395E}"
EndProject
Global
	GlobalSection(SolutionConfigurationPlatforms) = preSolution
		Debug|Any CPU = Debug|Any CPU
		Release|Any CPU = Release|Any CPU
	EndGlobalSection
	GlobalSection(ProjectConfigurationPlatforms) = postSolution
		{9E32263E-8766-4988-B913-F5F33D1D72C0}.Debug|Any CPU.ActiveCfg = Debug|Any CPU
		{9E32263E-8766-4988-B913-F5F33D1D72C0}.Debug|Any CPU.Build.0 = Debug|Any CPU
		{9E32263E-8766-4988-B913-F5F33D1D72C0}.Release|Any CPU.ActiveCfg = Release|Any CPU
		{9E32263E-8766-4988-B913-F5F33D1D72C0}.Release|Any CPU.Build.0 = Release|Any CPU
		{AFE8BA39-C320-4376-A616-BF2871FDB8B2}.Debug|Any CPU.ActiveCfg = Debug|Any CPU
		{AFE8BA39-C320-4376-A616-BF2871FDB8B2}.Debug|Any CPU.Build.0 = Debug|Any CPU
		{AFE8BA39-C320-4376-A616-BF2871FDB8B2}.Release|Any CPU.ActiveCfg = Release|Any CPU
		{AFE8BA39-C320-4376-A616-BF2871FDB8B2}.Release|Any CPU.Build.0 = Release|Any CPU
		{5E8C9F05-ADB8-4AD8-883A-42BE6F0DBCF4}.Debug|Any CPU.ActiveCfg = Debug|Any CPU
		{5E8C9F05-ADB8-4AD8-883A-42BE6F0DBCF4}.Debug|Any CPU.Build.0 = Debug|Any CPU
		{5E8C9F05-ADB8-4AD8-883A-42BE6F0DBCF4}.Release|Any CPU.ActiveCfg = Release|Any CPU
		{5E8C9F05-ADB8-4AD8-883A-42BE6F0DBCF4}.Release|Any CPU.Build.0 = Release|Any CPU
		{A6834376-2DBC-4675-B7B8-041428D5395E}.Debug|Any CPU.ActiveCfg = Debug|Any CPU
		{A6834376-2DBC-4675-B7B8-041428D5395E}.Debug|Any CPU.Build.0 = Debug|Any CPU
		{A6834376-2DBC-4675-B7B8-041428D5395E}.Release|Any CPU.ActiveCfg = Release|Any CPU
		{A6834376-2DBC-4675-B7B8-041428D5395E}.Release|Any CPU.Build.0 = Release|Any CPU
		{7F3979E3-C447-437D-8B48-F5CC40D7BFFE}.Debug|Any CPU.ActiveCfg = Debug|Any CPU
		{7F3979E3-C447-437D-8B48-F5CC40D7BFFE}.Debug|Any CPU.Build.0 = Debug|Any CPU
		{7F3979E3-C447-437D-8B48-F5CC40D7BFFE}.Release|Any CPU.ActiveCfg = Release|Any CPU
		{7F3979E3-C447-437D-8B48-F5CC40D7BFFE}.Release|Any CPU.Build.0 = Release|Any CPU
		{94187B8E-9674-41DF-A357-56B690901FDD}.Debug|Any CPU.ActiveCfg = Debug|Any CPU
		{94187B8E-9674-41DF-A357-56B690901FDD}.Debug|Any CPU.Build.0 = Debug|Any CPU
		{94187B8E-9674-41DF-A357-56B690901FDD}.Release|Any CPU.ActiveCfg = Release|Any CPU
		{94187B8E-9674-41DF-A357-56B690901FDD}.Release|Any CPU.Build.0 = Release|Any CPU
	EndGlobalSection
	GlobalSection(SolutionProperties) = preSolution
		HideSolutionNode = FALSE
	EndGlobalSection
	GlobalSection(ExtensibilityGlobals) = postSolution
		SolutionGuid = {32A67F8F-F0D0-4566-9ACC-3BAF871AFA34}
	EndGlobalSection
EndGlobal
