
Microsoft Visual Studio Solution File, Format Version 12.00
# Visual Studio Version 16
VisualStudioVersion = 16.0.31613.86
MinimumVisualStudioVersion = 10.0.40219.1
Project("{9A19103F-16F7-4668-BE54-9A1E7A4F7556}") = "Exercice1-3", "Exercice1-3\Exercice1-3.csproj", "{9E32263E-8766-4988-B913-F5F33D1D72C0}"
EndProject
Project("{9A19103F-16F7-4668-BE54-9A1E7A4F7556}") = "Exercice2", "Exercice2\Exercice2.csproj", "{AFE8BA39-C320-4376-A616-BF2871FDB8B2}"
EndProject
Project("{9A19103F-16F7-4668-BE54-9A1E7A4F7556}") = "Exercice4", "Exercice4\Exercice4.csproj", "{5301C2A5-A5D2-41D3-89E0-DA3E41D325AA}"
EndProject
Project("{9A19103F-16F7-4668-BE54-9A1E7A4F7556}") = "Exercice5", "Exercice5\Exercice5.csproj", "{5E8C9F05-ADB8-4AD8-883A-42BE6F0DBCF4}"
EndProject
Project("{FAE04EC0-301F-11D3-BF4B-00C04F79EFBC}") = "Exercice6", "Exercice6\Exercice6.csproj", "{A6834376-2DBC-4675-B7B8-041428D5395E}"
EndProject
Global
	GlobalSection(SolutionConfigurationPlatforms) = preSolution
		Debug|Any CPU = Debug|Any CPU
		Release|Any CPU = Release|Any CPU
	EndGlobalSection
	GlobalSection(ProjectConfigurationPlatforms) = postSolution
		{9E32263E-8766-4988-B913-F5F33D1D72C0}.Debug|Any CPU.ActiveCfg = Debug|Any CPU
		{9E32263E-8766-4988-B913-F5F33D1D72C0}.Debug|Any CPU.Build.0 = Debug|Any CPU
		{9E32263E-8766-4988-B913-F5F33D1D72C0}.Release|Any CPU.ActiveCfg = Release|Any CPU
		{9E32263E-8766-4988-B913-F5F33D1D72C0}.Release|Any CPU.Build.0 = Release|Any CPU
		{AFE8BA39-C320-4376-A616-BF2871FDB8B2}.Debug|Any CPU.ActiveCfg = Debug|Any CPU
		{AFE8BA39-C320-4376-A616-BF2871FDB8B2}.Debug|Any CPU.Build.0 = Debug|Any CPU
		{AFE8BA39-C320-4376-A616-BF2871FDB8B2}.Release|Any CPU.ActiveCfg = Release|Any CPU
		{AFE8BA39-C320-4376-A616-BF2871FDB8B2}.Release|Any CPU.Build.0 = Release|Any CPU
		{5301C2A5-A5D2-41D3-89E0-DA3E41D325AA}.Debug|Any CPU.ActiveCfg = Debug|Any CPU
		{5301C2A5-A5D2-41D3-89E0-DA3E41D325AA}.Debug|Any CPU.Build.0 = Debug|Any CPU
		{5301C2A5-A5D2-41D3-89E0-DA3E41D325AA}.Release|Any CPU.ActiveCfg = Release|Any CPU
		{5301C2A5-A5D2-41D3-89E0-DA3E41D325AA}.Release|Any CPU.Build.0 = Release|Any CPU
		{5E8C9F05-ADB8-4AD8-883A-42BE6F0DBCF4}.Debug|Any CPU.ActiveCfg = Debug|Any CPU
		{5E8C9F05-ADB8-4AD8-883A-42BE6F0DBCF4}.Debug|Any CPU.Build.0 = Debug|Any CPU
		{5E8C9F05-ADB8-4AD8-883A-42BE6F0DBCF4}.Release|Any CPU.ActiveCfg = Release|Any CPU
		{5E8C9F05-ADB8-4AD8-883A-42BE6F0DBCF4}.Release|Any CPU.Build.0 = Release|Any CPU
		{A6834376-2DBC-4675-B7B8-041428D5395E}.Debug|Any CPU.ActiveCfg = Debug|Any CPU
		{A6834376-2DBC-4675-B7B8-041428D5395E}.Debug|Any CPU.Build.0 = Debug|Any CPU
		{A6834376-2DBC-4675-B7B8-041428D5395E}.Release|Any CPU.ActiveCfg = Release|Any CPU
		{A6834376-2DBC-4675-B7B8-041428D5395E}.Release|Any CPU.Build.0 = Release|Any CPU
	EndGlobalSection
	GlobalSection(SolutionProperties) = preSolution
		HideSolutionNode = FALSE
	EndGlobalSection
	GlobalSection(ExtensibilityGlobals) = postSolution
		SolutionGuid = {32A67F8F-F0D0-4566-9ACC-3BAF871AFA34}
	EndGlobalSection
EndGlobal
