Microsoft Visual Studio Solution File, Format Version 12.00
# Visual Studio Version 17
VisualStudioVersion = 17.3.32922.545
MinimumVisualStudioVersion = 10.0.40219.1
Project("{9A19103F-16F7-4668-BE54-9A1E7A4F7556}") = "M6_E1", "M6_E1\M6_E1.csproj", "{5C64DED6-1DA8-4640-BC22-98F0CD15F009}"
EndProject
Project("{9A19103F-16F7-4668-BE54-9A1E7A4F7556}") = "M6_E2", "M6_E2\M6_E2.csproj", "{67F1FAD2-3468-4861-AFDB-ED2099BDCF38}"
EndProject
Project("{9A19103F-16F7-4668-BE54-9A1E7A4F7556}") = "M6_E3", "M6_E3\M6_E3.csproj", "{95CE768A-3C6E-415D-BD9F-8744262D19B2}"
EndProject
Project("{9A19103F-16F7-4668-BE54-9A1E7A4F7556}") = "M6_E4", "M6_E4\M6_E4.csproj", "{611E2272-09D4-4914-9AA4-55D2777D9022}"
EndProject
Project("{9A19103F-16F7-4668-BE54-9A1E7A4F7556}") = "M6_E5", "M6_E5\M6_E5.csproj", "{D9F9E373-CF8C-476B-8D48-AD9A475F2F79}"
EndProject
Project("{9A19103F-16F7-4668-BE54-9A1E7A4F7556}") = "M6_E6", "M6_E6\M6_E6.csproj", "{C9B2D41A-DE80-4AD2-959C-A091C67DBECA}"
EndProject
Project("{9A19103F-16F7-4668-BE54-9A1E7A4F7556}") = "ClassesAffaire", "ClassesAffaires\ClassesAffaire.csproj", "{32AF8ECC-9897-42E1-9BD1-636047E21FBD}"
EndProject
Project("{9A19103F-16F7-4668-BE54-9A1E7A4F7556}") = "Tests", "Tests\Tests.csproj", "{04158047-B77E-4687-8D4D-7321A2091AE2}"
EndProject
Global
	GlobalSection(SolutionConfigurationPlatforms) = preSolution
		Debug|Any CPU = Debug|Any CPU
		Release|Any CPU = Release|Any CPU
	EndGlobalSection
	GlobalSection(ProjectConfigurationPlatforms) = postSolution
		{5C64DED6-1DA8-4640-BC22-98F0CD15F009}.Debug|Any CPU.ActiveCfg = Debug|Any CPU
		{5C64DED6-1DA8-4640-BC22-98F0CD15F009}.Debug|Any CPU.Build.0 = Debug|Any CPU
		{5C64DED6-1DA8-4640-BC22-98F0CD15F009}.Release|Any CPU.ActiveCfg = Release|Any CPU
		{5C64DED6-1DA8-4640-BC22-98F0CD15F009}.Release|Any CPU.Build.0 = Release|Any CPU
		{C9B2D41A-DE80-4AD2-959C-A091C67DBECA}.Debug|Any CPU.ActiveCfg = Debug|Any CPU
		{C9B2D41A-DE80-4AD2-959C-A091C67DBECA}.Debug|Any CPU.Build.0 = Debug|Any CPU
		{C9B2D41A-DE80-4AD2-959C-A091C67DBECA}.Release|Any CPU.ActiveCfg = Release|Any CPU
		{C9B2D41A-DE80-4AD2-959C-A091C67DBECA}.Release|Any CPU.Build.0 = Release|Any CPU
		{67F1FAD2-3468-4861-AFDB-ED2099BDCF38}.Debug|Any CPU.ActiveCfg = Debug|Any CPU
		{67F1FAD2-3468-4861-AFDB-ED2099BDCF38}.Debug|Any CPU.Build.0 = Debug|Any CPU
		{67F1FAD2-3468-4861-AFDB-ED2099BDCF38}.Release|Any CPU.ActiveCfg = Release|Any CPU
		{67F1FAD2-3468-4861-AFDB-ED2099BDCF38}.Release|Any CPU.Build.0 = Release|Any CPU
		{95CE768A-3C6E-415D-BD9F-8744262D19B2}.Debug|Any CPU.ActiveCfg = Debug|Any CPU
		{95CE768A-3C6E-415D-BD9F-8744262D19B2}.Debug|Any CPU.Build.0 = Debug|Any CPU
		{95CE768A-3C6E-415D-BD9F-8744262D19B2}.Release|Any CPU.ActiveCfg = Release|Any CPU
		{95CE768A-3C6E-415D-BD9F-8744262D19B2}.Release|Any CPU.Build.0 = Release|Any CPU
		{611E2272-09D4-4914-9AA4-55D2777D9022}.Debug|Any CPU.ActiveCfg = Debug|Any CPU
		{611E2272-09D4-4914-9AA4-55D2777D9022}.Debug|Any CPU.Build.0 = Debug|Any CPU
		{611E2272-09D4-4914-9AA4-55D2777D9022}.Release|Any CPU.ActiveCfg = Release|Any CPU
		{611E2272-09D4-4914-9AA4-55D2777D9022}.Release|Any CPU.Build.0 = Release|Any CPU
		{32AF8ECC-9897-42E1-9BD1-636047E21FBD}.Debug|Any CPU.ActiveCfg = Debug|Any CPU
		{32AF8ECC-9897-42E1-9BD1-636047E21FBD}.Debug|Any CPU.Build.0 = Debug|Any CPU
		{32AF8ECC-9897-42E1-9BD1-636047E21FBD}.Release|Any CPU.ActiveCfg = Release|Any CPU
		{32AF8ECC-9897-42E1-9BD1-636047E21FBD}.Release|Any CPU.Build.0 = Release|Any CPU
		{04158047-B77E-4687-8D4D-7321A2091AE2}.Debug|Any CPU.ActiveCfg = Debug|Any CPU
		{04158047-B77E-4687-8D4D-7321A2091AE2}.Debug|Any CPU.Build.0 = Debug|Any CPU
		{04158047-B77E-4687-8D4D-7321A2091AE2}.Release|Any CPU.ActiveCfg = Release|Any CPU
		{04158047-B77E-4687-8D4D-7321A2091AE2}.Release|Any CPU.Build.0 = Release|Any CPU
		{D9F9E373-CF8C-476B-8D48-AD9A475F2F79}.Debug|Any CPU.ActiveCfg = Debug|Any CPU
		{D9F9E373-CF8C-476B-8D48-AD9A475F2F79}.Debug|Any CPU.Build.0 = Debug|Any CPU
		{D9F9E373-CF8C-476B-8D48-AD9A475F2F79}.Release|Any CPU.ActiveCfg = Release|Any CPU
		{D9F9E373-CF8C-476B-8D48-AD9A475F2F79}.Release|Any CPU.Build.0 = Release|Any CPU
	EndGlobalSection
	GlobalSection(SolutionProperties) = preSolution
		HideSolutionNode = FALSE
	EndGlobalSection
	GlobalSection(ExtensibilityGlobals) = postSolution
		SolutionGuid = {3F423D2C-FE8D-490C-8BF5-7B5BF9BADA65}
	EndGlobalSection
EndGlobal
