
Microsoft Visual Studio Solution File, Format Version 12.00
# Visual Studio Version 17
VisualStudioVersion = 17.3.32922.545
MinimumVisualStudioVersion = 10.0.40219.1
Project("{9A19103F-16F7-4668-BE54-9A1E7A4F7556}") = "M7_E2", "M7_E2\M7_E2.csproj", "{9ACAD669-614F-42EB-B30D-0EF76E112E4A}"
EndProject
Project("{9A19103F-16F7-4668-BE54-9A1E7A4F7556}") = "Model", "Model\Model.csproj", "{EB14969F-7DB3-469A-BC1C-5302791A3F30}"
EndProject
Project("{9A19103F-16F7-4668-BE54-9A1E7A4F7556}") = "ViewModel", "ViewModel\ViewModel.csproj", "{AF257B5C-41B7-46BD-B785-3DA802FFE132}"
EndProject
Project("{9A19103F-16F7-4668-BE54-9A1E7A4F7556}") = "Tests", "..\M7_E1\Tests\Tests.csproj", "{4050058A-C0FD-4C67-B142-72F731ADA330}"
EndProject
Global
	GlobalSection(SolutionConfigurationPlatforms) = preSolution
		Debug|Any CPU = Debug|Any CPU
		Release|Any CPU = Release|Any CPU
	EndGlobalSection
	GlobalSection(ProjectConfigurationPlatforms) = postSolution
		{9ACAD669-614F-42EB-B30D-0EF76E112E4A}.Debug|Any CPU.ActiveCfg = Debug|Any CPU
		{9ACAD669-614F-42EB-B30D-0EF76E112E4A}.Debug|Any CPU.Build.0 = Debug|Any CPU
		{9ACAD669-614F-42EB-B30D-0EF76E112E4A}.Release|Any CPU.ActiveCfg = Release|Any CPU
		{9ACAD669-614F-42EB-B30D-0EF76E112E4A}.Release|Any CPU.Build.0 = Release|Any CPU
		{EB14969F-7DB3-469A-BC1C-5302791A3F30}.Debug|Any CPU.ActiveCfg = Debug|Any CPU
		{EB14969F-7DB3-469A-BC1C-5302791A3F30}.Debug|Any CPU.Build.0 = Debug|Any CPU
		{EB14969F-7DB3-469A-BC1C-5302791A3F30}.Release|Any CPU.ActiveCfg = Release|Any CPU
		{EB14969F-7DB3-469A-BC1C-5302791A3F30}.Release|Any CPU.Build.0 = Release|Any CPU
		{AF257B5C-41B7-46BD-B785-3DA802FFE132}.Debug|Any CPU.ActiveCfg = Debug|Any CPU
		{AF257B5C-41B7-46BD-B785-3DA802FFE132}.Debug|Any CPU.Build.0 = Debug|Any CPU
		{AF257B5C-41B7-46BD-B785-3DA802FFE132}.Release|Any CPU.ActiveCfg = Release|Any CPU
		{AF257B5C-41B7-46BD-B785-3DA802FFE132}.Release|Any CPU.Build.0 = Release|Any CPU
		{4050058A-C0FD-4C67-B142-72F731ADA330}.Debug|Any CPU.ActiveCfg = Debug|Any CPU
		{4050058A-C0FD-4C67-B142-72F731ADA330}.Debug|Any CPU.Build.0 = Debug|Any CPU
		{4050058A-C0FD-4C67-B142-72F731ADA330}.Release|Any CPU.ActiveCfg = Release|Any CPU
		{4050058A-C0FD-4C67-B142-72F731ADA330}.Release|Any CPU.Build.0 = Release|Any CPU
	EndGlobalSection
	GlobalSection(SolutionProperties) = preSolution
		HideSolutionNode = FALSE
	EndGlobalSection
	GlobalSection(ExtensibilityGlobals) = postSolution
		SolutionGuid = {C1DB482A-0B45-4695-9DA5-718439EEEC4A}
	EndGlobalSection
EndGlobal
